
Microsoft Visual Studio Solution File, Format Version 12.00
# Visual Studio Version 17
VisualStudioVersion = 17.4.33110.190
MinimumVisualStudioVersion = 10.0.40219.1
Project("{FAE04EC0-301F-11D3-BF4B-00C04F79EFBC}") = "GroupWeight", "GroupWeight\GroupWeight.csproj", "{56AA73FB-C3EE-45F2-BBEA-426A93A25ADB}"
EndProject
Global
	GlobalSection(SolutionConfigurationPlatforms) = preSolution
		Debug|Any CPU = Debug|Any CPU
		Release|Any CPU = Release|Any CPU
	EndGlobalSection
	GlobalSection(ProjectConfigurationPlatforms) = postSolution
		{56AA73FB-C3EE-45F2-BBEA-426A93A25ADB}.Debug|Any CPU.ActiveCfg = Debug|Any CPU
		{56AA73FB-C3EE-45F2-BBEA-426A93A25ADB}.Debug|Any CPU.Build.0 = Debug|Any CPU
		{56AA73FB-C3EE-45F2-BBEA-426A93A25ADB}.Release|Any CPU.ActiveCfg = Release|Any CPU
		{56AA73FB-C3EE-45F2-BBEA-426A93A25ADB}.Release|Any CPU.Build.0 = Release|Any CPU
	EndGlobalSection
	GlobalSection(SolutionProperties) = preSolution
		HideSolutionNode = FALSE
	EndGlobalSection
	GlobalSection(ExtensibilityGlobals) = postSolution
		SolutionGuid = {C198C17F-8036-4AB8-90BC-0ED52ED3A099}
	EndGlobalSection
EndGlobal
